{
  "name": "tailzu-media",
  "lockfileVersion": 3,
  "requires": true,
  "packages": {
    "": {
      "name": "tailzu-media",
      "dependencies": {
        "@fontsource/caveat": "^5.2.5",
        "@fontsource/ibm-plex-mono": "^5.3.0",
        "@fontsource/instrument-sans": "^5.2.5",
        "@fontsource/newsreader": "^5.3.0",
        "@fontsource/noto-naskh-arabic": "^5.2.5",
        "@fontsource/noto-sans-bengali": "^5.2.5",
        "@fontsource/noto-sans-devanagari": "^5.2.5",
        "@fontsource/noto-sans-gujarati": "^5.3.0",
        "@fontsource/noto-sans-gurmukhi": "^5.3.0",
        "@fontsource/noto-sans-jp": "^5.2.5",
        "@fontsource/noto-sans-kannada": "^5.3.0",
        "@fontsource/noto-sans-kr": "^5.2.5",
        "@fontsource/noto-sans-malayalam": "^5.3.0",
        "@fontsource/noto-sans-meetei-mayek": "^5.3.0",
        "@fontsource/noto-sans-ol-chiki": "^5.3.0",
        "@fontsource/noto-sans-oriya": "^5.3.0",
        "@fontsource/noto-sans-sc": "^5.2.5",
        "@fontsource/noto-sans-tamil": "^5.2.5",
        "@fontsource/noto-sans-telugu": "^5.3.0"
      }
    },
    "node_modules/@fontsource/caveat": {
      "version": "5.3.0",
      "resolved": "https://registry.npmjs.org/@fontsource/caveat/-/caveat-5.3.0.tgz",
      "integrity": "sha512-eHTfzQxFSW9ABERRLNruHoNJmKed2J7pqTUc5lp4a4POMgXGKpxmWj3d9Hz10kmAg6iuTTLe6UagbA4bnsmfQw==",
      "license": "OFL-1.1",
      "funding": {
        "url": "https://github.com/sponsors/ayuhito"
      }
    },
    "node_modules/@fontsource/ibm-plex-mono": {
      "version": "5.3.0",
      "resolved": "https://registry.npmjs.org/@fontsource/ibm-plex-mono/-/ibm-plex-mono-5.3.0.tgz",
      "integrity": "sha512-eTgnZjZEGk1QtD3ZstF+Vclo2HLAni8YMy34/DxllwZvyz1lR/1RF/xTiAquOBO7MvqBx8D2Ig2WCPMVfdZu7Q==",
      "license": "OFL-1.1",
      "funding": {
        "url": "https://github.com/sponsors/ayuhito"
      }
    },
    "node_modules/@fontsource/instrument-sans": {
      "version": "5.3.0",
      "resolved": "https://registry.npmjs.org/@fontsource/instrument-sans/-/instrument-sans-5.3.0.tgz",
      "integrity": "sha512-QwXc4hb/px3XvSPS2CPAOgey8nyrQFxgxrmXQQ+pN+P51hKdAcchxpg8rSbjANFfPu6VKXhDqkVDucXMZ9CM5g==",
      "license": "OFL-1.1",
      "funding": {
        "url": "https://github.com/sponsors/ayuhito"
      }
    },
    "node_modules/@fontsource/newsreader": {
      "version": "5.3.0",
      "resolved": "https://registry.npmjs.org/@fontsource/newsreader/-/newsreader-5.3.0.tgz",
      "integrity": "sha512-AFR6ZKY89GNL+9qBI2P2+66NhD5bhOj/v6fsLnFYLM4E0JnMB1yKb+Ro8cA64i1hwAWoBfTq5CHJGWH1toLDkw==",
      "license": "OFL-1.1",
      "funding": {
        "url": "https://github.com/sponsors/ayuhito"
      }
    },
    "node_modules/@fontsource/noto-naskh-arabic": {
      "version": "5.3.0",
      "resolved": "https://registry.npmjs.org/@fontsource/noto-naskh-arabic/-/noto-naskh-arabic-5.3.0.tgz",
      "integrity": "sha512-S/GDgQ6mh/PKo4mz5+eXNYbEarvpI7yh6eCdOz8tTVbeM7+OUiacIEscaYEibr/+egDtGbO2ZB00sjy1bJC1kQ==",
      "license": "OFL-1.1",
      "funding": {
        "url": "https://github.com/sponsors/ayuhito"
      }
    },
    "node_modules/@fontsource/noto-sans-bengali": {
      "version": "5.3.0",
      "resolved": "https://registry.npmjs.org/@fontsource/noto-sans-bengali/-/noto-sans-bengali-5.3.0.tgz",
      "integrity": "sha512-EFBMU0UvzyFSc1ERK369zfqEu6DMRuWmCQ2+2ahhQTQAIDPEyN1UYlQdQeFkheu2DWG2hfdwrhiLlGFl2sSr/A==",
      "license": "OFL-1.1",
      "funding": {
        "url": "https://github.com/sponsors/ayuhito"
      }
    },
    "node_modules/@fontsource/noto-sans-devanagari": {
      "version": "5.3.0",
      "resolved": "https://registry.npmjs.org/@fontsource/noto-sans-devanagari/-/noto-sans-devanagari-5.3.0.tgz",
      "integrity": "sha512-7khYmipS/5KAUUmrO1DKir8yL8XI00d0+ZE9BqbS8XF1jzObv6CpPOk3UeYxF+Pvi8bx9bBvprBCOcbx/eQWTQ==",
      "license": "OFL-1.1",
      "funding": {
        "url": "https://github.com/sponsors/ayuhito"
      }
    },
    "node_modules/@fontsource/noto-sans-gujarati": {
      "version": "5.3.0",
      "resolved": "https://registry.npmjs.org/@fontsource/noto-sans-gujarati/-/noto-sans-gujarati-5.3.0.tgz",
      "integrity": "sha512-vTIzI/j4B6FTQ8LV+0e8Ozp8eXNMHWWD8fsVvfaUjhD6w/TPDugOss88k3eMzDcR5lR+XxQCKgUd6V8qRROjtg==",
      "license": "OFL-1.1",
      "funding": {
        "url": "https://github.com/sponsors/ayuhito"
      }
    },
    "node_modules/@fontsource/noto-sans-gurmukhi": {
      "version": "5.3.0",
      "resolved": "https://registry.npmjs.org/@fontsource/noto-sans-gurmukhi/-/noto-sans-gurmukhi-5.3.0.tgz",
      "integrity": "sha512-kORmHl4RCqVsPwDPgWxCHWUETSnI+6m6aPsJmGf7K3PJorPKHUZesABxhZcsnYVZkKS/4abE3QgJgjuhWpA13g==",
      "license": "OFL-1.1",
      "funding": {
        "url": "https://github.com/sponsors/ayuhito"
      }
    },
    "node_modules/@fontsource/noto-sans-jp": {
      "version": "5.3.0",
      "resolved": "https://registry.npmjs.org/@fontsource/noto-sans-jp/-/noto-sans-jp-5.3.0.tgz",
      "integrity": "sha512-OZbBzZ8LrFRs2RFT2Cc0HUV2C2ZeSfyEXhDJWR0EZuZaraJfRubpvrFmUnCljuBDEkw8Vn6CE/+nf9dj9b+0lg==",
      "license": "OFL-1.1",
      "funding": {
        "url": "https://github.com/sponsors/ayuhito"
      }
    },
    "node_modules/@fontsource/noto-sans-kannada": {
      "version": "5.3.0",
      "resolved": "https://registry.npmjs.org/@fontsource/noto-sans-kannada/-/noto-sans-kannada-5.3.0.tgz",
      "integrity": "sha512-mcZlaZfzFIwrjah3hze5W6JnFMk8+bXtw0aKOneeuM/sadyV/F6nIgFiJc9/d9yHeecpVfANt+dWf8VSXDf+3Q==",
      "license": "OFL-1.1",
      "funding": {
        "url": "https://github.com/sponsors/ayuhito"
      }
    },
    "node_modules/@fontsource/noto-sans-kr": {
      "version": "5.3.0",
      "resolved": "https://registry.npmjs.org/@fontsource/noto-sans-kr/-/noto-sans-kr-5.3.0.tgz",
      "integrity": "sha512-/JnpTjaCOXW7xUoqOyCVYSr05VOkDy5Yla9O+WAEiS7u+yYLsmHoqj6v1W0bf91G8G3XA2+NnRS3CX2Tf/FVZg==",
      "license": "OFL-1.1",
      "funding": {
        "url": "https://github.com/sponsors/ayuhito"
      }
    },
    "node_modules/@fontsource/noto-sans-malayalam": {
      "version": "5.3.0",
      "resolved": "https://registry.npmjs.org/@fontsource/noto-sans-malayalam/-/noto-sans-malayalam-5.3.0.tgz",
      "integrity": "sha512-JVWpPkzNkbZTLradEAu8y5dDCgDsPLzvJrY1mEtt0NGG095aPyfhpTmq+wnGBBhvNRU9WEeATGI/w/YocbjQsg==",
      "license": "OFL-1.1",
      "funding": {
        "url": "https://github.com/sponsors/ayuhito"
      }
    },
    "node_modules/@fontsource/noto-sans-meetei-mayek": {
      "version": "5.3.0",
      "resolved": "https://registry.npmjs.org/@fontsource/noto-sans-meetei-mayek/-/noto-sans-meetei-mayek-5.3.0.tgz",
      "integrity": "sha512-7bVWFicCfaLbxvSLdycjoi0b0MX/N+XMtHqJBrqSvSHVJB1zCKAw9gBEOGi+DuKq1i20ROsDmD8H7fVrIcuGHg==",
      "license": "OFL-1.1",
      "funding": {
        "url": "https://github.com/sponsors/ayuhito"
      }
    },
    "node_modules/@fontsource/noto-sans-ol-chiki": {
      "version": "5.3.0",
      "resolved": "https://registry.npmjs.org/@fontsource/noto-sans-ol-chiki/-/noto-sans-ol-chiki-5.3.0.tgz",
      "integrity": "sha512-Y1e6v15uOncVVlX4DUQIXEfzKHj+DNlIdE8k3fXiJFyG7G4lDdoPHXi5uyW5NoaiyoF/Xd5BpAsH6fEzIJ7nug==",
      "license": "OFL-1.1",
      "funding": {
        "url": "https://github.com/sponsors/ayuhito"
      }
    },
    "node_modules/@fontsource/noto-sans-oriya": {
      "version": "5.3.0",
      "resolved": "https://registry.npmjs.org/@fontsource/noto-sans-oriya/-/noto-sans-oriya-5.3.0.tgz",
      "integrity": "sha512-nl5R08M+PHfiRJNdlxy5mPDpeFzKa16p14MprNsSKJn7QyJtU3PZ2CHi3x/9vzw05ox+In9i8BmVnPRrK4R/jg==",
      "license": "OFL-1.1",
      "funding": {
        "url": "https://github.com/sponsors/ayuhito"
      }
    },
    "node_modules/@fontsource/noto-sans-sc": {
      "version": "5.3.0",
      "resolved": "https://registry.npmjs.org/@fontsource/noto-sans-sc/-/noto-sans-sc-5.3.0.tgz",
      "integrity": "sha512-HeqIlGm0+ohOKxZLuHj1qW6r6avHH0OWdKERAcSDI0RQ+MXrteuLKA+M+5eOA8rYy0MFvOR5AT0fQo2rUkye0Q==",
      "license": "OFL-1.1",
      "funding": {
        "url": "https://github.com/sponsors/ayuhito"
      }
    },
    "node_modules/@fontsource/noto-sans-tamil": {
      "version": "5.3.0",
      "resolved": "https://registry.npmjs.org/@fontsource/noto-sans-tamil/-/noto-sans-tamil-5.3.0.tgz",
      "integrity": "sha512-webid7fyBljiIEJ1hXuey48vCUe2Oq3/EwYjo6XBtXItO9FoUmqy0bEnXA5iE++iC324BTI8QMy80SYtDheCzA==",
      "license": "OFL-1.1",
      "funding": {
        "url": "https://github.com/sponsors/ayuhito"
      }
    },
    "node_modules/@fontsource/noto-sans-telugu": {
      "version": "5.3.0",
      "resolved": "https://registry.npmjs.org/@fontsource/noto-sans-telugu/-/noto-sans-telugu-5.3.0.tgz",
      "integrity": "sha512-D5AD91Ok2wURk6Vf4sOe2KA3nf0M7qePboNVuvJbguOqLAplh3cGkEIX1qi9u1Jjcz9QWblQ5BbTXI/c+QjB9Q==",
      "license": "OFL-1.1",
      "funding": {
        "url": "https://github.com/sponsors/ayuhito"
      }
    }
  }
}
